
Microsoft Visual Studio Solution File, Format Version 12.00
# Visual Studio Version 16
VisualStudioVersion = 16.0.31402.337
MinimumVisualStudioVersion = 10.0.40219.1
Project("{9A19103F-16F7-4668-BE54-9A1E7A4F7556}") = "Exercise3", "Exercise3\Exercise3.csproj", "{C77758F6-420A-4D25-A145-88033817E1A8}"
EndProject
Project("{FAE04EC0-301F-11D3-BF4B-00C04F79EFBC}") = "Exercise3.2", "Exercise3.2\Exercise3.2.csproj", "{1D76FC88-2861-418B-9AAA-532E5CE913B1}"
EndProject
Project("{9A19103F-16F7-4668-BE54-9A1E7A4F7556}") = "Exercise3.4", "Exercise3.4\Exercise3.4.csproj", "{3C0856A0-164E-4E07-8967-6402940A4B0A}"
EndProject
Global
	GlobalSection(SolutionConfigurationPlatforms) = preSolution
		Debug|Any CPU = Debug|Any CPU
		Release|Any CPU = Release|Any CPU
	EndGlobalSection
	GlobalSection(ProjectConfigurationPlatforms) = postSolution
		{C77758F6-420A-4D25-A145-88033817E1A8}.Debug|Any CPU.ActiveCfg = Debug|Any CPU
		{C77758F6-420A-4D25-A145-88033817E1A8}.Debug|Any CPU.Build.0 = Debug|Any CPU
		{C77758F6-420A-4D25-A145-88033817E1A8}.Release|Any CPU.ActiveCfg = Release|Any CPU
		{C77758F6-420A-4D25-A145-88033817E1A8}.Release|Any CPU.Build.0 = Release|Any CPU
		{1D76FC88-2861-418B-9AAA-532E5CE913B1}.Debug|Any CPU.ActiveCfg = Debug|Any CPU
		{1D76FC88-2861-418B-9AAA-532E5CE913B1}.Debug|Any CPU.Build.0 = Debug|Any CPU
		{1D76FC88-2861-418B-9AAA-532E5CE913B1}.Release|Any CPU.ActiveCfg = Release|Any CPU
		{1D76FC88-2861-418B-9AAA-532E5CE913B1}.Release|Any CPU.Build.0 = Release|Any CPU
		{3C0856A0-164E-4E07-8967-6402940A4B0A}.Debug|Any CPU.ActiveCfg = Debug|Any CPU
		{3C0856A0-164E-4E07-8967-6402940A4B0A}.Debug|Any CPU.Build.0 = Debug|Any CPU
		{3C0856A0-164E-4E07-8967-6402940A4B0A}.Release|Any CPU.ActiveCfg = Release|Any CPU
		{3C0856A0-164E-4E07-8967-6402940A4B0A}.Release|Any CPU.Build.0 = Release|Any CPU
	EndGlobalSection
	GlobalSection(SolutionProperties) = preSolution
		HideSolutionNode = FALSE
	EndGlobalSection
	GlobalSection(ExtensibilityGlobals) = postSolution
		SolutionGuid = {6749302B-7CC6-4793-A7CA-67BE1C132931}
	EndGlobalSection
EndGlobal
